<?xml version="1.0" encoding="utf-8"?>
<Project ToolsVersion="4.0" xmlns="http://schemas.microsoft.com/developer/msbuild/2003">
  <ItemGroup>
    <Filter Include="win32">
      <UniqueIdentifier>{84a8ebd7-7cf0-47f6-b75e-d441df67da40}</UniqueIdentifier>
    </Filter>
    <Filter Include="resource">
      <UniqueIdentifier>{715254bc-d70b-4ec5-bf29-467dd3ace079}</UniqueIdentifier>
    </Filter>
    <Filter Include="src">
      <UniqueIdentifier>{bb6c862e-70e9-49d9-81b7-3829a6f50471}</UniqueIdentifier>
    </Filter>
    <Filter Include="src\backpack">
      <UniqueIdentifier>{fd3bce83-054f-435e-b217-15333bbfed3b}</UniqueIdentifier>
    </Filter>
    <Filter Include="src\base">
      <UniqueIdentifier>{ddefef9e-b671-4f7e-8cb6-aed187bf7b7f}</UniqueIdentifier>
    </Filter>
    <Filter Include="src\common">
      <UniqueIdentifier>{44c3c9e5-bdec-4c14-aa1d-9ab4f9f9cdee}</UniqueIdentifier>
    </Filter>
    <Filter Include="src\dbconnect">
      <UniqueIdentifier>{234079e0-b283-4974-afb0-b1f0f8f8e6e9}</UniqueIdentifier>
    </Filter>
    <Filter Include="src\equipment">
      <UniqueIdentifier>{91ce1e69-970a-4085-ac6f-1f74b42a8cb4}</UniqueIdentifier>
    </Filter>
    <Filter Include="src\event">
      <UniqueIdentifier>{091c7ef6-1c2a-4f06-9997-64dd32c3191a}</UniqueIdentifier>
    </Filter>
    <Filter Include="src\fight">
      <UniqueIdentifier>{8a496279-1a33-47b1-8033-919541873d92}</UniqueIdentifier>
    </Filter>
    <Filter Include="src\friend">
      <UniqueIdentifier>{9fe1745e-6440-4246-b60b-648dc25609c0}</UniqueIdentifier>
    </Filter>
    <Filter Include="src\jsoncpp">
      <UniqueIdentifier>{5713786e-58aa-4992-8925-ee61023dcae5}</UniqueIdentifier>
    </Filter>
    <Filter Include="src\login">
      <UniqueIdentifier>{185bde9e-a786-4145-90df-5e6f033502c7}</UniqueIdentifier>
    </Filter>
    <Filter Include="src\main">
      <UniqueIdentifier>{831e2b64-6762-4656-8869-07e1ef546947}</UniqueIdentifier>
    </Filter>
    <Filter Include="src\map">
      <UniqueIdentifier>{01afd2fb-0d9e-42c3-a7c2-b8ae4a18d175}</UniqueIdentifier>
    </Filter>
    <Filter Include="src\net">
      <UniqueIdentifier>{2433995f-b014-48c1-a2b6-b3224b72f3e1}</UniqueIdentifier>
    </Filter>
    <Filter Include="src\npc">
      <UniqueIdentifier>{f85f4a6c-04b9-4036-bf91-64a7b8a12779}</UniqueIdentifier>
    </Filter>
    <Filter Include="src\player">
      <UniqueIdentifier>{6f272b31-95fe-4092-b39d-cc16a4b2523e}</UniqueIdentifier>
    </Filter>
    <Filter Include="src\sect">
      <UniqueIdentifier>{1e2275ab-64cc-436c-a859-aea6c0086654}</UniqueIdentifier>
    </Filter>
    <Filter Include="src\skill">
      <UniqueIdentifier>{b45cb8d3-8902-475e-b385-8711bbfb0e93}</UniqueIdentifier>
    </Filter>
    <Filter Include="src\skillitem">
      <UniqueIdentifier>{d4261a5c-9e54-474e-9e3a-e39586d95016}</UniqueIdentifier>
    </Filter>
    <Filter Include="src\start">
      <UniqueIdentifier>{ee1f4fb0-3167-48b7-a5c1-f8c38ff5fa7f}</UniqueIdentifier>
    </Filter>
    <Filter Include="src\talisman">
      <UniqueIdentifier>{b6f6902d-03fd-4c24-bbbb-2081c430874f}</UniqueIdentifier>
    </Filter>
    <Filter Include="src\talk">
      <UniqueIdentifier>{40e449e6-84d4-428d-97db-ac81c7dc540c}</UniqueIdentifier>
    </Filter>
    <Filter Include="src\task">
      <UniqueIdentifier>{f737ade6-0311-471f-96d7-b5b3451374d6}</UniqueIdentifier>
    </Filter>
    <Filter Include="src\team">
      <UniqueIdentifier>{e4f3a5dd-dfbe-408e-b1bf-738289537874}</UniqueIdentifier>
    </Filter>
    <Filter Include="src\tool">
      <UniqueIdentifier>{8382ee2c-2ca1-496c-b56e-464db3dc955c}</UniqueIdentifier>
    </Filter>
  </ItemGroup>
  <ItemGroup>
    <ClCompile Include="main.cpp">
      <Filter>win32</Filter>
    </ClCompile>
    <ClCompile Include="..\Classes\backpack\BackPackLayer.cpp">
      <Filter>src\backpack</Filter>
    </ClCompile>
    <ClCompile Include="..\Classes\backpack\BackPackManager.cpp">
      <Filter>src\backpack</Filter>
    </ClCompile>
    <ClCompile Include="..\Classes\base\Animal.cpp">
      <Filter>src\base</Filter>
    </ClCompile>
    <ClCompile Include="..\Classes\base\Door.cpp">
      <Filter>src\base</Filter>
    </ClCompile>
    <ClCompile Include="..\Classes\base\Medication.cpp">
      <Filter>src\base</Filter>
    </ClCompile>
    <ClCompile Include="..\Classes\base\Monster.cpp">
      <Filter>src\base</Filter>
    </ClCompile>
    <ClCompile Include="..\Classes\base\Npc.cpp">
      <Filter>src\base</Filter>
    </ClCompile>
    <ClCompile Include="..\Classes\base\Thing.cpp">
      <Filter>src\base</Filter>
    </ClCompile>
    <ClCompile Include="..\Classes\common\CommonButton.cpp">
      <Filter>src\common</Filter>
    </ClCompile>
    <ClCompile Include="..\Classes\common\CommonHead.cpp">
      <Filter>src\common</Filter>
    </ClCompile>
    <ClCompile Include="..\Classes\common\CommonProcessBar.cpp">
      <Filter>src\common</Filter>
    </ClCompile>
    <ClCompile Include="..\Classes\common\CommonTouchLayer.cpp">
      <Filter>src\common</Filter>
    </ClCompile>
    <ClCompile Include="..\Classes\common\CSBaseView.cpp">
      <Filter>src\common</Filter>
    </ClCompile>
    <ClCompile Include="..\Classes\common\DetailLayer.cpp">
      <Filter>src\common</Filter>
    </ClCompile>
    <ClCompile Include="..\Classes\common\HurtValueLayer.cpp">
      <Filter>src\common</Filter>
    </ClCompile>
    <ClCompile Include="..\Classes\common\LoadingLayer.cpp">
      <Filter>src\common</Filter>
    </ClCompile>
    <ClCompile Include="..\Classes\common\MaxTopLayer.cpp">
      <Filter>src\common</Filter>
    </ClCompile>
    <ClCompile Include="..\Classes\common\TipLayer.cpp">
      <Filter>src\common</Filter>
    </ClCompile>
    <ClCompile Include="..\Classes\equipment\EquipMent.cpp">
      <Filter>src\equipment</Filter>
    </ClCompile>
    <ClCompile Include="..\Classes\equipment\EquipmentManager.cpp">
      <Filter>src\equipment</Filter>
    </ClCompile>
    <ClCompile Include="..\Classes\event\Event.cpp">
      <Filter>src\event</Filter>
    </ClCompile>
    <ClCompile Include="..\Classes\event\Signal.cpp">
      <Filter>src\event</Filter>
    </ClCompile>
    <ClCompile Include="..\Classes\event\SignalManager.cpp">
      <Filter>src\event</Filter>
    </ClCompile>
    <ClCompile Include="..\Classes\fight\FightLayer.cpp">
      <Filter>src\fight</Filter>
    </ClCompile>
    <ClCompile Include="..\Classes\fight\FightManager.cpp">
      <Filter>src\fight</Filter>
    </ClCompile>
    <ClCompile Include="..\Classes\friend\FriendItem.cpp">
      <Filter>src\friend</Filter>
    </ClCompile>
    <ClCompile Include="..\Classes\friend\FriendLayer.cpp">
      <Filter>src\friend</Filter>
    </ClCompile>
    <ClCompile Include="..\Classes\friend\FriendManager.cpp">
      <Filter>src\friend</Filter>
    </ClCompile>
    <ClCompile Include="..\Classes\jsoncpp\json_reader.cpp">
      <Filter>src\jsoncpp</Filter>
    </ClCompile>
    <ClCompile Include="..\Classes\jsoncpp\json_value.cpp">
      <Filter>src\jsoncpp</Filter>
    </ClCompile>
    <ClCompile Include="..\Classes\jsoncpp\json_writer.cpp">
      <Filter>src\jsoncpp</Filter>
    </ClCompile>
    <ClCompile Include="..\Classes\login\Login.cpp">
      <Filter>src\login</Filter>
    </ClCompile>
    <ClCompile Include="..\Classes\login\LoginLayer.cpp">
      <Filter>src\login</Filter>
    </ClCompile>
    <ClCompile Include="..\Classes\login\SignOn.cpp">
      <Filter>src\login</Filter>
    </ClCompile>
    <ClCompile Include="..\Classes\login\SigOnLayer.cpp">
      <Filter>src\login</Filter>
    </ClCompile>
    <ClCompile Include="..\Classes\main\DealLayer.cpp">
      <Filter>src\main</Filter>
    </ClCompile>
    <ClCompile Include="..\Classes\main\GameLogicLayer.cpp">
      <Filter>src\main</Filter>
    </ClCompile>
    <ClCompile Include="..\Classes\main\GameMenuLayer.cpp">
      <Filter>src\main</Filter>
    </ClCompile>
    <ClCompile Include="..\Classes\main\GameUILayer.cpp">
      <Filter>src\main</Filter>
    </ClCompile>
    <ClCompile Include="..\Classes\main\ObjectLayer.cpp">
      <Filter>src\main</Filter>
    </ClCompile>
    <ClCompile Include="..\Classes\main\RoleInfoLayer.cpp">
      <Filter>src\main</Filter>
    </ClCompile>
    <ClCompile Include="..\Classes\main\WorldMapLayer.cpp">
      <Filter>src\main</Filter>
    </ClCompile>
    <ClCompile Include="..\Classes\map\GameMapLayer.cpp">
      <Filter>src\map</Filter>
    </ClCompile>
    <ClCompile Include="..\Classes\map\MapInfo.cpp">
      <Filter>src\map</Filter>
    </ClCompile>
    <ClCompile Include="..\Classes\net\Lock.cpp">
      <Filter>src\net</Filter>
    </ClCompile>
    <ClCompile Include="..\Classes\net\NetWorkManager.cpp">
      <Filter>src\net</Filter>
    </ClCompile>
    <ClCompile Include="..\Classes\net\SocketManager.cpp">
      <Filter>src\net</Filter>
    </ClCompile>
    <ClCompile Include="..\Classes\net\TCPClient.cpp">
      <Filter>src\net</Filter>
    </ClCompile>
    <ClCompile Include="..\Classes\npc\NpcBlue.cpp">
      <Filter>src\npc</Filter>
    </ClCompile>
    <ClCompile Include="..\Classes\npc\NpcEquip.cpp">
      <Filter>src\npc</Filter>
    </ClCompile>
    <ClCompile Include="..\Classes\npc\NpcMamom.cpp">
      <Filter>src\npc</Filter>
    </ClCompile>
    <ClCompile Include="..\Classes\npc\NpcMonk.cpp">
      <Filter>src\npc</Filter>
    </ClCompile>
    <ClCompile Include="..\Classes\npc\NpcPink.cpp">
      <Filter>src\npc</Filter>
    </ClCompile>
    <ClCompile Include="..\Classes\npc\NpcSkill.cpp">
      <Filter>src\npc</Filter>
    </ClCompile>
    <ClCompile Include="..\Classes\npc\NpcVallige.cpp">
      <Filter>src\npc</Filter>
    </ClCompile>
    <ClCompile Include="..\Classes\player\CameraPlayer.cpp">
      <Filter>src\player</Filter>
    </ClCompile>
    <ClCompile Include="..\Classes\player\Player.cpp">
      <Filter>src\player</Filter>
    </ClCompile>
    <ClCompile Include="..\Classes\player\PlayerData.cpp">
      <Filter>src\player</Filter>
    </ClCompile>
    <ClCompile Include="..\Classes\player\PlayerItem.cpp">
      <Filter>src\player</Filter>
    </ClCompile>
    <ClCompile Include="..\Classes\player\PlayerListLayer.cpp">
      <Filter>src\player</Filter>
    </ClCompile>
    <ClCompile Include="..\Classes\player\PlayerManager.cpp">
      <Filter>src\player</Filter>
    </ClCompile>
    <ClCompile Include="..\Classes\player\PlayerRun.cpp">
      <Filter>src\player</Filter>
    </ClCompile>
    <ClCompile Include="..\Classes\player\PlayerState.cpp">
      <Filter>src\player</Filter>
    </ClCompile>
    <ClCompile Include="..\Classes\player\PlayerWait.cpp">
      <Filter>src\player</Filter>
    </ClCompile>
    <ClCompile Include="..\Classes\sect\SectActiveLayer.cpp">
      <Filter>src\sect</Filter>
    </ClCompile>
    <ClCompile Include="..\Classes\sect\SectMainLayer.cpp">
      <Filter>src\sect</Filter>
    </ClCompile>
    <ClCompile Include="..\Classes\sect\SectManager.cpp">
      <Filter>src\sect</Filter>
    </ClCompile>
    <ClCompile Include="..\Classes\sect\SectRukou.cpp">
      <Filter>src\sect</Filter>
    </ClCompile>
    <ClCompile Include="..\Classes\skill\SkillLayer.cpp">
      <Filter>src\skill</Filter>
    </ClCompile>
    <ClCompile Include="..\Classes\skill\SkillManager.cpp">
      <Filter>src\skill</Filter>
    </ClCompile>
    <ClCompile Include="..\Classes\skillitem\CrackIt.cpp">
      <Filter>src\skillitem</Filter>
    </ClCompile>
    <ClCompile Include="..\Classes\skillitem\Danate.cpp">
      <Filter>src\skillitem</Filter>
    </ClCompile>
    <ClCompile Include="..\Classes\skillitem\DragonRoar.cpp">
      <Filter>src\skillitem</Filter>
    </ClCompile>
    <ClCompile Include="..\Classes\skillitem\LightStrike.cpp">
      <Filter>src\skillitem</Filter>
    </ClCompile>
    <ClCompile Include="..\Classes\skillitem\Long.cpp">
      <Filter>src\skillitem</Filter>
    </ClCompile>
    <ClCompile Include="..\Classes\skillitem\RealSkill.cpp">
      <Filter>src\skillitem</Filter>
    </ClCompile>
    <ClCompile Include="..\Classes\skillitem\RecallCountermand.cpp">
      <Filter>src\skillitem</Filter>
    </ClCompile>
    <ClCompile Include="..\Classes\skillitem\SealOfTheBlade.cpp">
      <Filter>src\skillitem</Filter>
    </ClCompile>
    <ClCompile Include="..\Classes\skillitem\Skill.cpp">
      <Filter>src\skillitem</Filter>
    </ClCompile>
    <ClCompile Include="..\Classes\skillitem\XBArrow.cpp">
      <Filter>src\skillitem</Filter>
    </ClCompile>
    <ClCompile Include="..\Classes\start\BeginLayer.cpp">
      <Filter>src\start</Filter>
    </ClCompile>
    <ClCompile Include="..\Classes\start\BeginScene.cpp">
      <Filter>src\start</Filter>
    </ClCompile>
    <ClCompile Include="..\Classes\start\NewGameLayer.cpp">
      <Filter>src\start</Filter>
    </ClCompile>
    <ClCompile Include="..\Classes\start\NewGameScene.cpp">
      <Filter>src\start</Filter>
    </ClCompile>
    <ClCompile Include="..\Classes\start\SelectLayer.cpp">
      <Filter>src\start</Filter>
    </ClCompile>
    <ClCompile Include="..\Classes\start\SelectScene.cpp">
      <Filter>src\start</Filter>
    </ClCompile>
    <ClCompile Include="..\Classes\start\StartMenu.cpp">
      <Filter>src\start</Filter>
    </ClCompile>
    <ClCompile Include="..\Classes\talisman\TalismanAvatar.cpp">
      <Filter>src\talisman</Filter>
    </ClCompile>
    <ClCompile Include="..\Classes\talisman\TalismanFragment.cpp">
      <Filter>src\talisman</Filter>
    </ClCompile>
    <ClCompile Include="..\Classes\talisman\TalismanIcon.cpp">
      <Filter>src\talisman</Filter>
    </ClCompile>
    <ClCompile Include="..\Classes\talisman\TalismanLayer.cpp">
      <Filter>src\talisman</Filter>
    </ClCompile>
    <ClCompile Include="..\Classes\talisman\TalismanManager.cpp">
      <Filter>src\talisman</Filter>
    </ClCompile>
    <ClCompile Include="..\Classes\talk\MsgItem.cpp">
      <Filter>src\talk</Filter>
    </ClCompile>
    <ClCompile Include="..\Classes\talk\MsgListLayer.cpp">
      <Filter>src\talk</Filter>
    </ClCompile>
    <ClCompile Include="..\Classes\talk\PrivateTalkLayer.cpp">
      <Filter>src\talk</Filter>
    </ClCompile>
    <ClCompile Include="..\Classes\talk\TalkLayer.cpp">
      <Filter>src\talk</Filter>
    </ClCompile>
    <ClCompile Include="..\Classes\talk\TalkManager.cpp">
      <Filter>src\talk</Filter>
    </ClCompile>
    <ClCompile Include="..\Classes\task\PickupTaskLayer.cpp">
      <Filter>src\task</Filter>
    </ClCompile>
    <ClCompile Include="..\Classes\task\TaskItem.cpp">
      <Filter>src\task</Filter>
    </ClCompile>
    <ClCompile Include="..\Classes\task\TaskLayer.cpp">
      <Filter>src\task</Filter>
    </ClCompile>
    <ClCompile Include="..\Classes\task\TaskSystem.cpp">
      <Filter>src\task</Filter>
    </ClCompile>
    <ClCompile Include="..\Classes\team\MemberItem.cpp">
      <Filter>src\team</Filter>
    </ClCompile>
    <ClCompile Include="..\Classes\team\TeamLayer.cpp">
      <Filter>src\team</Filter>
    </ClCompile>
    <ClCompile Include="..\Classes\team\TeamManager.cpp">
      <Filter>src\team</Filter>
    </ClCompile>
    <ClCompile Include="..\Classes\team\TeamMsgItem.cpp">
      <Filter>src\team</Filter>
    </ClCompile>
    <ClCompile Include="..\Classes\tool\AudioSystem.cpp">
      <Filter>src\tool</Filter>
    </ClCompile>
    <ClCompile Include="..\Classes\tool\ConfigUtils.cpp">
      <Filter>src\tool</Filter>
    </ClCompile>
    <ClCompile Include="..\Classes\tool\FindRoad.cpp">
      <Filter>src\tool</Filter>
    </ClCompile>
    <ClCompile Include="..\Classes\tool\GameData.cpp">
      <Filter>src\tool</Filter>
    </ClCompile>
    <ClCompile Include="..\Classes\tool\GameDynamicData.cpp">
      <Filter>src\tool</Filter>
    </ClCompile>
    <ClCompile Include="..\Classes\tool\LogUtil.cpp">
      <Filter>src\tool</Filter>
    </ClCompile>
    <ClCompile Include="..\Classes\tool\Path.cpp">
      <Filter>src\tool</Filter>
    </ClCompile>
    <ClCompile Include="..\Classes\tool\ReflectNpc.cpp">
      <Filter>src\tool</Filter>
    </ClCompile>
    <ClCompile Include="..\Classes\tool\SkillFactory.cpp">
      <Filter>src\tool</Filter>
    </ClCompile>
    <ClCompile Include="..\Classes\tool\SynsTask.cpp">
      <Filter>src\tool</Filter>
    </ClCompile>
    <ClCompile Include="..\Classes\tool\UIHelper.cpp">
      <Filter>src\tool</Filter>
    </ClCompile>
    <ClCompile Include="..\Classes\AppDelegate.cpp">
      <Filter>src</Filter>
    </ClCompile>
    <ClCompile Include="..\Classes\EndScene.cpp">
      <Filter>src</Filter>
    </ClCompile>
    <ClCompile Include="..\Classes\ExcessiveScene.cpp">
      <Filter>src</Filter>
    </ClCompile>
    <ClCompile Include="..\Classes\GameScene.cpp">
      <Filter>src</Filter>
    </ClCompile>
    <ClCompile Include="..\Classes\fight\Buff.cpp">
      <Filter>src\fight</Filter>
    </ClCompile>
  </ItemGroup>
  <ItemGroup>
    <ClInclude Include="main.h">
      <Filter>win32</Filter>
    </ClInclude>
    <ClInclude Include="..\Classes\backpack\BackPackLayer.h">
      <Filter>src\backpack</Filter>
    </ClInclude>
    <ClInclude Include="..\Classes\backpack\BackPackManager.h">
      <Filter>src\backpack</Filter>
    </ClInclude>
    <ClInclude Include="..\Classes\base\Animal.h">
      <Filter>src\base</Filter>
    </ClInclude>
    <ClInclude Include="..\Classes\base\Door.h">
      <Filter>src\base</Filter>
    </ClInclude>
    <ClInclude Include="..\Classes\base\Medication.h">
      <Filter>src\base</Filter>
    </ClInclude>
    <ClInclude Include="..\Classes\base\Monster.h">
      <Filter>src\base</Filter>
    </ClInclude>
    <ClInclude Include="..\Classes\base\Npc.h">
      <Filter>src\base</Filter>
    </ClInclude>
    <ClInclude Include="..\Classes\base\Thing.h">
      <Filter>src\base</Filter>
    </ClInclude>
    <ClInclude Include="..\Classes\common\CommonButton.h">
      <Filter>src\common</Filter>
    </ClInclude>
    <ClInclude Include="..\Classes\common\CommonHead.h">
      <Filter>src\common</Filter>
    </ClInclude>
    <ClInclude Include="..\Classes\common\CommonProcessBar.h">
      <Filter>src\common</Filter>
    </ClInclude>
    <ClInclude Include="..\Classes\common\CommonTouchLayer.h">
      <Filter>src\common</Filter>
    </ClInclude>
    <ClInclude Include="..\Classes\common\CSBaseView.h">
      <Filter>src\common</Filter>
    </ClInclude>
    <ClInclude Include="..\Classes\common\DetailLayer.h">
      <Filter>src\common</Filter>
    </ClInclude>
    <ClInclude Include="..\Classes\common\HurtValueLayer.h">
      <Filter>src\common</Filter>
    </ClInclude>
    <ClInclude Include="..\Classes\common\LoadingLayer.h">
      <Filter>src\common</Filter>
    </ClInclude>
    <ClInclude Include="..\Classes\common\MaxTopLayer.h">
      <Filter>src\common</Filter>
    </ClInclude>
    <ClInclude Include="..\Classes\common\TipLayer.h">
      <Filter>src\common</Filter>
    </ClInclude>
    <ClInclude Include="..\Classes\dbconnect\DBDao.h">
      <Filter>src\dbconnect</Filter>
    </ClInclude>
    <ClInclude Include="..\Classes\dbconnect\Model.h">
      <Filter>src\dbconnect</Filter>
    </ClInclude>
    <ClInclude Include="..\Classes\equipment\EquipMent.h">
      <Filter>src\equipment</Filter>
    </ClInclude>
    <ClInclude Include="..\Classes\equipment\EquipmentManager.h">
      <Filter>src\equipment</Filter>
    </ClInclude>
    <ClInclude Include="..\Classes\event\Event.h">
      <Filter>src\event</Filter>
    </ClInclude>
    <ClInclude Include="..\Classes\event\Signal.h">
      <Filter>src\event</Filter>
    </ClInclude>
    <ClInclude Include="..\Classes\event\SignalConst.h">
      <Filter>src\event</Filter>
    </ClInclude>
    <ClInclude Include="..\Classes\event\SignalManager.h">
      <Filter>src\event</Filter>
    </ClInclude>
    <ClInclude Include="..\Classes\event\SlotListener.h">
      <Filter>src\event</Filter>
    </ClInclude>
    <ClInclude Include="..\Classes\fight\FightLayer.h">
      <Filter>src\fight</Filter>
    </ClInclude>
    <ClInclude Include="..\Classes\fight\FightManager.h">
      <Filter>src\fight</Filter>
    </ClInclude>
    <ClInclude Include="..\Classes\friend\FriendItem.h">
      <Filter>src\friend</Filter>
    </ClInclude>
    <ClInclude Include="..\Classes\friend\FriendLayer.h">
      <Filter>src\friend</Filter>
    </ClInclude>
    <ClInclude Include="..\Classes\friend\FriendManager.h">
      <Filter>src\friend</Filter>
    </ClInclude>
    <ClInclude Include="..\Classes\jsoncpp\allocator.h">
      <Filter>src\jsoncpp</Filter>
    </ClInclude>
    <ClInclude Include="..\Classes\jsoncpp\assertions.h">
      <Filter>src\jsoncpp</Filter>
    </ClInclude>
    <ClInclude Include="..\Classes\jsoncpp\autolink.h">
      <Filter>src\jsoncpp</Filter>
    </ClInclude>
    <ClInclude Include="..\Classes\jsoncpp\config.h">
      <Filter>src\jsoncpp</Filter>
    </ClInclude>
    <ClInclude Include="..\Classes\jsoncpp\features.h">
      <Filter>src\jsoncpp</Filter>
    </ClInclude>
    <ClInclude Include="..\Classes\jsoncpp\forwards.h">
      <Filter>src\jsoncpp</Filter>
    </ClInclude>
    <ClInclude Include="..\Classes\jsoncpp\json.h">
      <Filter>src\jsoncpp</Filter>
    </ClInclude>
    <ClInclude Include="..\Classes\jsoncpp\json_tool.h">
      <Filter>src\jsoncpp</Filter>
    </ClInclude>
    <ClInclude Include="..\Classes\jsoncpp\reader.h">
      <Filter>src\jsoncpp</Filter>
    </ClInclude>
    <ClInclude Include="..\Classes\jsoncpp\value.h">
      <Filter>src\jsoncpp</Filter>
    </ClInclude>
    <ClInclude Include="..\Classes\jsoncpp\version.h">
      <Filter>src\jsoncpp</Filter>
    </ClInclude>
    <ClInclude Include="..\Classes\jsoncpp\writer.h">
      <Filter>src\jsoncpp</Filter>
    </ClInclude>
    <ClInclude Include="..\Classes\login\Login.h">
      <Filter>src\login</Filter>
    </ClInclude>
    <ClInclude Include="..\Classes\login\LoginLayer.h">
      <Filter>src\login</Filter>
    </ClInclude>
    <ClInclude Include="..\Classes\login\SignOn.h">
      <Filter>src\login</Filter>
    </ClInclude>
    <ClInclude Include="..\Classes\login\SigOnLayer.h">
      <Filter>src\login</Filter>
    </ClInclude>
    <ClInclude Include="..\Classes\main\DealLayer.h">
      <Filter>src\main</Filter>
    </ClInclude>
    <ClInclude Include="..\Classes\main\GameLogicLayer.h">
      <Filter>src\main</Filter>
    </ClInclude>
    <ClInclude Include="..\Classes\main\GameMenuLayer.h">
      <Filter>src\main</Filter>
    </ClInclude>
    <ClInclude Include="..\Classes\main\GameUILayer.h">
      <Filter>src\main</Filter>
    </ClInclude>
    <ClInclude Include="..\Classes\main\ObjectLayer.h">
      <Filter>src\main</Filter>
    </ClInclude>
    <ClInclude Include="..\Classes\main\RoleInfoLayer.h">
      <Filter>src\main</Filter>
    </ClInclude>
    <ClInclude Include="..\Classes\main\WorldMapLayer.h">
      <Filter>src\main</Filter>
    </ClInclude>
    <ClInclude Include="..\Classes\map\GameMapLayer.h">
      <Filter>src\map</Filter>
    </ClInclude>
    <ClInclude Include="..\Classes\map\MapInfo.h">
      <Filter>src\map</Filter>
    </ClInclude>
    <ClInclude Include="..\Classes\net\Lock.h">
      <Filter>src\net</Filter>
    </ClInclude>
    <ClInclude Include="..\Classes\net\MessageConst.h">
      <Filter>src\net</Filter>
    </ClInclude>
    <ClInclude Include="..\Classes\net\NetWorkManager.h">
      <Filter>src\net</Filter>
    </ClInclude>
    <ClInclude Include="..\Classes\net\ShareData.h">
      <Filter>src\net</Filter>
    </ClInclude>
    <ClInclude Include="..\Classes\net\SocketManager.h">
      <Filter>src\net</Filter>
    </ClInclude>
    <ClInclude Include="..\Classes\net\TCPClient.h">
      <Filter>src\net</Filter>
    </ClInclude>
    <ClInclude Include="..\Classes\npc\NpcBlue.h">
      <Filter>src\npc</Filter>
    </ClInclude>
    <ClInclude Include="..\Classes\npc\NpcEquip.h">
      <Filter>src\npc</Filter>
    </ClInclude>
    <ClInclude Include="..\Classes\npc\NpcManmom.h">
      <Filter>src\npc</Filter>
    </ClInclude>
    <ClInclude Include="..\Classes\npc\NpcMonk.h">
      <Filter>src\npc</Filter>
    </ClInclude>
    <ClInclude Include="..\Classes\npc\NpcPink.h">
      <Filter>src\npc</Filter>
    </ClInclude>
    <ClInclude Include="..\Classes\npc\NpcSkill.h">
      <Filter>src\npc</Filter>
    </ClInclude>
    <ClInclude Include="..\Classes\npc\NpcVallige.h">
      <Filter>src\npc</Filter>
    </ClInclude>
    <ClInclude Include="..\Classes\player\CameraPlayer.h">
      <Filter>src\player</Filter>
    </ClInclude>
    <ClInclude Include="..\Classes\player\Player.h">
      <Filter>src\player</Filter>
    </ClInclude>
    <ClInclude Include="..\Classes\player\PlayerData.h">
      <Filter>src\player</Filter>
    </ClInclude>
    <ClInclude Include="..\Classes\player\PlayerItem.h">
      <Filter>src\player</Filter>
    </ClInclude>
    <ClInclude Include="..\Classes\player\PlayerListLayer.h">
      <Filter>src\player</Filter>
    </ClInclude>
    <ClInclude Include="..\Classes\player\PlayerManager.h">
      <Filter>src\player</Filter>
    </ClInclude>
    <ClInclude Include="..\Classes\player\PlayerRun.h">
      <Filter>src\player</Filter>
    </ClInclude>
    <ClInclude Include="..\Classes\player\PlayerState.h">
      <Filter>src\player</Filter>
    </ClInclude>
    <ClInclude Include="..\Classes\player\PlayerWait.h">
      <Filter>src\player</Filter>
    </ClInclude>
    <ClInclude Include="..\Classes\sect\SectActiveLayer.h">
      <Filter>src\sect</Filter>
    </ClInclude>
    <ClInclude Include="..\Classes\sect\SectMainLayer.h">
      <Filter>src\sect</Filter>
    </ClInclude>
    <ClInclude Include="..\Classes\sect\SectManager.h">
      <Filter>src\sect</Filter>
    </ClInclude>
    <ClInclude Include="..\Classes\sect\SectRukou.h">
      <Filter>src\sect</Filter>
    </ClInclude>
    <ClInclude Include="..\Classes\skill\SkillLayer.h">
      <Filter>src\skill</Filter>
    </ClInclude>
    <ClInclude Include="..\Classes\skill\SkillManager.h">
      <Filter>src\skill</Filter>
    </ClInclude>
    <ClInclude Include="..\Classes\skillitem\CrackIt.h">
      <Filter>src\skillitem</Filter>
    </ClInclude>
    <ClInclude Include="..\Classes\skillitem\Danate.h">
      <Filter>src\skillitem</Filter>
    </ClInclude>
    <ClInclude Include="..\Classes\skillitem\DragonRoar.h">
      <Filter>src\skillitem</Filter>
    </ClInclude>
    <ClInclude Include="..\Classes\skillitem\LightStrike.h">
      <Filter>src\skillitem</Filter>
    </ClInclude>
    <ClInclude Include="..\Classes\skillitem\Long.h">
      <Filter>src\skillitem</Filter>
    </ClInclude>
    <ClInclude Include="..\Classes\skillitem\RealSkill.h">
      <Filter>src\skillitem</Filter>
    </ClInclude>
    <ClInclude Include="..\Classes\skillitem\RecallCountermand.h">
      <Filter>src\skillitem</Filter>
    </ClInclude>
    <ClInclude Include="..\Classes\skillitem\SealOfTheBlade.h">
      <Filter>src\skillitem</Filter>
    </ClInclude>
    <ClInclude Include="..\Classes\skillitem\Skill.h">
      <Filter>src\skillitem</Filter>
    </ClInclude>
    <ClInclude Include="..\Classes\skillitem\XBArrow.h">
      <Filter>src\skillitem</Filter>
    </ClInclude>
    <ClInclude Include="..\Classes\start\BeginLayer.h">
      <Filter>src\start</Filter>
    </ClInclude>
    <ClInclude Include="..\Classes\start\BeginScene.h">
      <Filter>src\start</Filter>
    </ClInclude>
    <ClInclude Include="..\Classes\start\NewGameLayer.h">
      <Filter>src\start</Filter>
    </ClInclude>
    <ClInclude Include="..\Classes\start\NewGameScene.h">
      <Filter>src\start</Filter>
    </ClInclude>
    <ClInclude Include="..\Classes\start\SelectLayer.h">
      <Filter>src\start</Filter>
    </ClInclude>
    <ClInclude Include="..\Classes\start\SelectScene.h">
      <Filter>src\start</Filter>
    </ClInclude>
    <ClInclude Include="..\Classes\start\StartMenu.h">
      <Filter>src\start</Filter>
    </ClInclude>
    <ClInclude Include="..\Classes\talisman\TalismanAvatar.h">
      <Filter>src\talisman</Filter>
    </ClInclude>
    <ClInclude Include="..\Classes\talisman\TalismanFragment.h">
      <Filter>src\talisman</Filter>
    </ClInclude>
    <ClInclude Include="..\Classes\talisman\TalismanIcon.h">
      <Filter>src\talisman</Filter>
    </ClInclude>
    <ClInclude Include="..\Classes\talisman\TalismanLayer.h">
      <Filter>src\talisman</Filter>
    </ClInclude>
    <ClInclude Include="..\Classes\talisman\TalismanManager.h">
      <Filter>src\talisman</Filter>
    </ClInclude>
    <ClInclude Include="..\Classes\talk\MsgItem.h">
      <Filter>src\talk</Filter>
    </ClInclude>
    <ClInclude Include="..\Classes\talk\MsgListLayer.h">
      <Filter>src\talk</Filter>
    </ClInclude>
    <ClInclude Include="..\Classes\talk\PrivateTalkLayer.h">
      <Filter>src\talk</Filter>
    </ClInclude>
    <ClInclude Include="..\Classes\talk\TalkLayer.h">
      <Filter>src\talk</Filter>
    </ClInclude>
    <ClInclude Include="..\Classes\talk\TalkManager.h">
      <Filter>src\talk</Filter>
    </ClInclude>
    <ClInclude Include="..\Classes\task\PickupTaskLayer.h">
      <Filter>src\task</Filter>
    </ClInclude>
    <ClInclude Include="..\Classes\task\TaskItem.h">
      <Filter>src\task</Filter>
    </ClInclude>
    <ClInclude Include="..\Classes\task\TaskLayer.h">
      <Filter>src\task</Filter>
    </ClInclude>
    <ClInclude Include="..\Classes\task\TaskSystem.h">
      <Filter>src\task</Filter>
    </ClInclude>
    <ClInclude Include="..\Classes\team\MemberItem.h">
      <Filter>src\team</Filter>
    </ClInclude>
    <ClInclude Include="..\Classes\team\TeamLayer.h">
      <Filter>src\team</Filter>
    </ClInclude>
    <ClInclude Include="..\Classes\team\TeamManager.h">
      <Filter>src\team</Filter>
    </ClInclude>
    <ClInclude Include="..\Classes\team\TeamMsgItem.h">
      <Filter>src\team</Filter>
    </ClInclude>
    <ClInclude Include="..\Classes\tool\AudioSystem.h">
      <Filter>src\tool</Filter>
    </ClInclude>
    <ClInclude Include="..\Classes\tool\Colors.h">
      <Filter>src\tool</Filter>
    </ClInclude>
    <ClInclude Include="..\Classes\tool\Commen.h">
      <Filter>src\tool</Filter>
    </ClInclude>
    <ClInclude Include="..\Classes\tool\ConfigUtils.h">
      <Filter>src\tool</Filter>
    </ClInclude>
    <ClInclude Include="..\Classes\tool\FindRoad.h">
      <Filter>src\tool</Filter>
    </ClInclude>
    <ClInclude Include="..\Classes\tool\GameData.h">
      <Filter>src\tool</Filter>
    </ClInclude>
    <ClInclude Include="..\Classes\tool\GameDynamicData.h">
      <Filter>src\tool</Filter>
    </ClInclude>
    <ClInclude Include="..\Classes\tool\LogUtil.h">
      <Filter>src\tool</Filter>
    </ClInclude>
    <ClInclude Include="..\Classes\tool\Path.h">
      <Filter>src\tool</Filter>
    </ClInclude>
    <ClInclude Include="..\Classes\tool\PreProcess.h">
      <Filter>src\tool</Filter>
    </ClInclude>
    <ClInclude Include="..\Classes\tool\public.h">
      <Filter>src\tool</Filter>
    </ClInclude>
    <ClInclude Include="..\Classes\tool\RandomGenerator.h">
      <Filter>src\tool</Filter>
    </ClInclude>
    <ClInclude Include="..\Classes\tool\ReflectNpc.h">
      <Filter>src\tool</Filter>
    </ClInclude>
    <ClInclude Include="..\Classes\tool\SkillFactory.h">
      <Filter>src\tool</Filter>
    </ClInclude>
    <ClInclude Include="..\Classes\tool\SynsTask.h">
      <Filter>src\tool</Filter>
    </ClInclude>
    <ClInclude Include="..\Classes\tool\UIHelper.h">
      <Filter>src\tool</Filter>
    </ClInclude>
    <ClInclude Include="..\Classes\AppDelegate.h">
      <Filter>src</Filter>
    </ClInclude>
    <ClInclude Include="..\Classes\EndScene.h">
      <Filter>src</Filter>
    </ClInclude>
    <ClInclude Include="..\Classes\ExcessiveScene.h">
      <Filter>src</Filter>
    </ClInclude>
    <ClInclude Include="..\Classes\GameScene.h">
      <Filter>src</Filter>
    </ClInclude>
    <ClInclude Include="..\Classes\fight\Buff.h">
      <Filter>src\fight</Filter>
    </ClInclude>
  </ItemGroup>
  <ItemGroup>
    <ResourceCompile Include="game.rc">
      <Filter>resource</Filter>
    </ResourceCompile>
  </ItemGroup>
  <ItemGroup>
    <Xml Include="..\Resources\GameData.xml">
      <Filter>resource</Filter>
    </Xml>
  </ItemGroup>
  <ItemGroup>
    <Image Include="res\game.ico" />
  </ItemGroup>
  <ItemGroup>
    <None Include="..\Classes\jsoncpp\json_valueiterator.inl">
      <Filter>src\jsoncpp</Filter>
    </None>
    <None Include="..\Classes\jsoncpp\version.h.in">
      <Filter>src\jsoncpp</Filter>
    </None>
  </ItemGroup>
</Project>