<?xml version="1.0" encoding="utf-8"?>
<Project ToolsVersion="4.0" xmlns="http://schemas.microsoft.com/developer/msbuild/2003">
  <ItemGroup>
    <Filter Include="win32">
      <UniqueIdentifier>{84a8ebd7-7cf0-47f6-b75e-d441df67da40}</UniqueIdentifier>
    </Filter>
    <Filter Include="resource">
      <UniqueIdentifier>{715254bc-d70b-4ec5-bf29-467dd3ace079}</UniqueIdentifier>
    </Filter>
    <Filter Include="src">
      <UniqueIdentifier>{bb6c862e-70e9-49d9-81b7-3829a6f50471}</UniqueIdentifier>
    </Filter>
    <Filter Include="src\Scene">
      <UniqueIdentifier>{a50edfc1-3388-44ff-a763-0527dbd5912a}</UniqueIdentifier>
    </Filter>
    <Filter Include="src\Tool">
      <UniqueIdentifier>{f87d0895-fdea-4161-9f24-8c1420dce9c4}</UniqueIdentifier>
    </Filter>
    <Filter Include="src\Delegate">
      <UniqueIdentifier>{17522a83-6a35-4fbb-b89f-0fb69ce16d05}</UniqueIdentifier>
    </Filter>
    <Filter Include="src\State">
      <UniqueIdentifier>{3ad7f657-3a4d-4f49-b7e4-30fe0cd90807}</UniqueIdentifier>
    </Filter>
    <Filter Include="src\DBConnect">
      <UniqueIdentifier>{ba4b6466-82d7-4d45-bc50-276ed015d3a2}</UniqueIdentifier>
    </Filter>
    <Filter Include="src\Net">
      <UniqueIdentifier>{e20cb19b-8318-4d47-9dd4-7d4f811ef6ae}</UniqueIdentifier>
    </Filter>
    <Filter Include="src\Json">
      <UniqueIdentifier>{d45b43f0-a260-4af3-86fe-c5c4ab6fed84}</UniqueIdentifier>
    </Filter>
    <Filter Include="src\Logic">
      <UniqueIdentifier>{5a4b3e03-7f10-45f7-bee9-980352b8f602}</UniqueIdentifier>
    </Filter>
    <Filter Include="src\Logic\BackPack">
      <UniqueIdentifier>{05694341-0e95-4e54-be04-c8a173dd359f}</UniqueIdentifier>
    </Filter>
    <Filter Include="src\Logic\Deal">
      <UniqueIdentifier>{1d5c0ae1-4631-442c-bdb5-30525ad273b1}</UniqueIdentifier>
    </Filter>
    <Filter Include="src\Logic\Detail">
      <UniqueIdentifier>{0472b6c0-44fd-4c72-bc87-c9850f57157f}</UniqueIdentifier>
    </Filter>
    <Filter Include="src\Logic\Fight">
      <UniqueIdentifier>{13e3264d-5586-4c48-8852-f468ab452db3}</UniqueIdentifier>
    </Filter>
    <Filter Include="src\Logic\Main">
      <UniqueIdentifier>{89640835-6129-434b-a641-ff1e81c8170a}</UniqueIdentifier>
    </Filter>
    <Filter Include="src\Logic\Menu">
      <UniqueIdentifier>{6f37205d-2f01-431e-8fa7-75c0cd790a3d}</UniqueIdentifier>
    </Filter>
    <Filter Include="src\Logic\Common">
      <UniqueIdentifier>{8a468e55-0a6d-4ecb-9bac-a05dc6fbbae1}</UniqueIdentifier>
    </Filter>
    <Filter Include="src\Logic\NewGame">
      <UniqueIdentifier>{ce321c2c-3933-44b6-83e3-482e5f687504}</UniqueIdentifier>
    </Filter>
    <Filter Include="src\Logic\Task">
      <UniqueIdentifier>{1f63e37d-80bc-4c68-a771-9796633a1dbb}</UniqueIdentifier>
    </Filter>
    <Filter Include="src\Logic\LoginAndSigOn">
      <UniqueIdentifier>{cd8f8e2d-40fe-4631-8334-9efe396f3332}</UniqueIdentifier>
    </Filter>
    <Filter Include="src\Logic\Talk">
      <UniqueIdentifier>{3c98143c-fee6-41ef-8b18-8ccb80b2c359}</UniqueIdentifier>
    </Filter>
    <Filter Include="src\Logic\RoleInfo">
      <UniqueIdentifier>{eab4eaa9-449d-476c-b5f5-d74473f4a1d8}</UniqueIdentifier>
    </Filter>
    <Filter Include="src\Logic\Skill">
      <UniqueIdentifier>{6e31f20e-1d5e-49b3-853b-11296c42b061}</UniqueIdentifier>
    </Filter>
    <Filter Include="src\Logic\Map">
      <UniqueIdentifier>{9e1410dc-9bc1-4aa8-a7d3-ff273b8a9a40}</UniqueIdentifier>
    </Filter>
    <Filter Include="src\Logic\Team">
      <UniqueIdentifier>{f3ed09f2-d18b-421c-a082-cf4f248eb178}</UniqueIdentifier>
    </Filter>
    <Filter Include="src\Data">
      <UniqueIdentifier>{eea8e2dd-486c-4a8f-9a1c-ceed8edf16a2}</UniqueIdentifier>
    </Filter>
    <Filter Include="src\Data\Player">
      <UniqueIdentifier>{20e2e805-2c76-4ea3-b34f-6a5bc9763662}</UniqueIdentifier>
    </Filter>
    <Filter Include="src\Data\Base">
      <UniqueIdentifier>{8a4db16e-d194-42c9-bcd9-866f4b3a3817}</UniqueIdentifier>
    </Filter>
    <Filter Include="src\Data\Npc">
      <UniqueIdentifier>{9f49e8d8-5bf4-4326-b0e4-07f90fb23894}</UniqueIdentifier>
    </Filter>
    <Filter Include="src\Data\Door">
      <UniqueIdentifier>{bc237f4a-be54-4f86-918d-fa0c25614861}</UniqueIdentifier>
    </Filter>
    <Filter Include="src\Data\Monster">
      <UniqueIdentifier>{77c16e9b-fd20-4040-be16-dba19abba71b}</UniqueIdentifier>
    </Filter>
    <Filter Include="src\Logic\Player">
      <UniqueIdentifier>{1f1f9ad5-1ac0-40f6-bc34-563fd613f8fe}</UniqueIdentifier>
    </Filter>
    <Filter Include="src\Thing">
      <UniqueIdentifier>{8af80093-8aab-444a-acd3-1997c8360359}</UniqueIdentifier>
    </Filter>
    <Filter Include="src\Thing\Equipment">
      <UniqueIdentifier>{5e6d56eb-7473-4923-b916-81eb126c2ff0}</UniqueIdentifier>
    </Filter>
    <Filter Include="src\Thing\Medication">
      <UniqueIdentifier>{47c3c5d9-d826-4fd4-a61c-b15d552e7965}</UniqueIdentifier>
    </Filter>
    <Filter Include="src\Tool\Audio">
      <UniqueIdentifier>{f351f66d-4aec-403d-a6b5-b6d524000f5b}</UniqueIdentifier>
    </Filter>
    <Filter Include="src\Tool\Utils">
      <UniqueIdentifier>{adf79d3a-908b-468a-a2ff-981fea22aac1}</UniqueIdentifier>
    </Filter>
    <Filter Include="src\Tool\Equipment">
      <UniqueIdentifier>{6b482d09-1050-4a7f-896d-91282933490b}</UniqueIdentifier>
    </Filter>
    <Filter Include="src\Tool\Npc">
      <UniqueIdentifier>{669a079d-4f7a-4e11-8923-0d33af40a1a0}</UniqueIdentifier>
    </Filter>
    <Filter Include="src\Tool\Skill">
      <UniqueIdentifier>{36564535-7518-4e7a-a653-072da290402a}</UniqueIdentifier>
    </Filter>
    <Filter Include="src\Thing\Skill">
      <UniqueIdentifier>{d86e1c00-d77f-44cd-99f9-39260da76ddf}</UniqueIdentifier>
    </Filter>
    <Filter Include="src\Logic\Friend">
      <UniqueIdentifier>{3e86377f-016b-4527-a4e8-e8abf397f443}</UniqueIdentifier>
    </Filter>
    <Filter Include="src\Logic\Talisman">
      <UniqueIdentifier>{0a083460-506d-40cd-9a28-cb0445d92cd3}</UniqueIdentifier>
    </Filter>
    <Filter Include="src\Tool\GameData">
      <UniqueIdentifier>{e92a1937-c80d-48d7-9b62-b821a79c3442}</UniqueIdentifier>
    </Filter>
    <Filter Include="src\Tool\Event">
      <UniqueIdentifier>{ae1ff2b3-2527-4202-94f8-a3842a18e480}</UniqueIdentifier>
    </Filter>
    <Filter Include="src\Thing\Talisman">
      <UniqueIdentifier>{b8d9f4cb-72f2-4ddd-969d-15823ed6ef47}</UniqueIdentifier>
    </Filter>
  </ItemGroup>
  <ItemGroup>
    <ClCompile Include="main.cpp">
      <Filter>win32</Filter>
    </ClCompile>
    <ClCompile Include="..\Classes\EquipMent.cpp">
      <Filter>src\Thing\Equipment</Filter>
    </ClCompile>
    <ClCompile Include="..\Classes\Medication.cpp">
      <Filter>src\Thing\Medication</Filter>
    </ClCompile>
    <ClCompile Include="..\Classes\BackPackLayer.cpp">
      <Filter>src\Logic\BackPack</Filter>
    </ClCompile>
    <ClCompile Include="..\Classes\DealLayer.cpp">
      <Filter>src\Logic\Deal</Filter>
    </ClCompile>
    <ClCompile Include="..\Classes\DetailLayer.cpp">
      <Filter>src\Logic\Detail</Filter>
    </ClCompile>
    <ClCompile Include="..\Classes\BeginLayer.cpp">
      <Filter>src\Logic\Main</Filter>
    </ClCompile>
    <ClCompile Include="..\Classes\FightLayer.cpp">
      <Filter>src\Logic\Fight</Filter>
    </ClCompile>
    <ClCompile Include="..\Classes\GameLogicLayer.cpp">
      <Filter>src\Logic\Main</Filter>
    </ClCompile>
    <ClCompile Include="..\Classes\GameUILayer.cpp">
      <Filter>src\Logic\Main</Filter>
    </ClCompile>
    <ClCompile Include="..\Classes\GameMenuLayer.cpp">
      <Filter>src\Logic\Menu</Filter>
    </ClCompile>
    <ClCompile Include="..\Classes\LoadingLayer.cpp">
      <Filter>src\Logic\Common</Filter>
    </ClCompile>
    <ClCompile Include="..\Classes\LoginLayer.cpp">
      <Filter>src\Logic\LoginAndSigOn</Filter>
    </ClCompile>
    <ClCompile Include="..\Classes\NewGameLayer.cpp">
      <Filter>src\Logic\NewGame</Filter>
    </ClCompile>
    <ClCompile Include="..\Classes\PickupTaskLayer.cpp">
      <Filter>src\Logic\Task</Filter>
    </ClCompile>
    <ClCompile Include="..\Classes\SigOnLayer.cpp">
      <Filter>src\Logic\LoginAndSigOn</Filter>
    </ClCompile>
    <ClCompile Include="..\Classes\PlayerListLayer.cpp">
      <Filter>src\Logic\Player</Filter>
    </ClCompile>
    <ClCompile Include="..\Classes\PrivateTalkLayer.cpp">
      <Filter>src\Logic\Talk</Filter>
    </ClCompile>
    <ClCompile Include="..\Classes\RoleInfoLayer.cpp">
      <Filter>src\Logic\RoleInfo</Filter>
    </ClCompile>
    <ClCompile Include="..\Classes\SkillLayer.cpp">
      <Filter>src\Logic\Skill</Filter>
    </ClCompile>
    <ClCompile Include="..\Classes\TalkLayer.cpp">
      <Filter>src\Logic\Talk</Filter>
    </ClCompile>
    <ClCompile Include="..\Classes\TaskLayer.cpp">
      <Filter>src\Logic\Task</Filter>
    </ClCompile>
    <ClCompile Include="..\Classes\TipLayer.cpp">
      <Filter>src\Logic\Common</Filter>
    </ClCompile>
    <ClCompile Include="..\Classes\GameMapLayer.cpp">
      <Filter>src\Logic\Map</Filter>
    </ClCompile>
    <ClCompile Include="..\Classes\WorldMapLayer.cpp">
      <Filter>src\Logic\Map</Filter>
    </ClCompile>
    <ClCompile Include="..\Classes\TeamLayer.cpp">
      <Filter>src\Logic\Team</Filter>
    </ClCompile>
    <ClCompile Include="..\Classes\CameraPlayer.cpp">
      <Filter>src\Data\Player</Filter>
    </ClCompile>
    <ClCompile Include="..\Classes\Player.cpp">
      <Filter>src\Data\Player</Filter>
    </ClCompile>
    <ClCompile Include="..\Classes\PlayerData.cpp">
      <Filter>src\Data\Player</Filter>
    </ClCompile>
    <ClCompile Include="..\Classes\Animal.cpp">
      <Filter>src\Data\Base</Filter>
    </ClCompile>
    <ClCompile Include="..\Classes\Npc.cpp">
      <Filter>src\Data\Base</Filter>
    </ClCompile>
    <ClCompile Include="..\Classes\NpcBlue.cpp">
      <Filter>src\Data\Npc</Filter>
    </ClCompile>
    <ClCompile Include="..\Classes\NpcEquip.cpp">
      <Filter>src\Data\Npc</Filter>
    </ClCompile>
    <ClCompile Include="..\Classes\NpcMamom.cpp">
      <Filter>src\Data\Npc</Filter>
    </ClCompile>
    <ClCompile Include="..\Classes\NpcMonk.cpp">
      <Filter>src\Data\Npc</Filter>
    </ClCompile>
    <ClCompile Include="..\Classes\NpcPink.cpp">
      <Filter>src\Data\Npc</Filter>
    </ClCompile>
    <ClCompile Include="..\Classes\NpcSkill.cpp">
      <Filter>src\Data\Npc</Filter>
    </ClCompile>
    <ClCompile Include="..\Classes\NpcVallige.cpp">
      <Filter>src\Data\Npc</Filter>
    </ClCompile>
    <ClCompile Include="..\Classes\Door.cpp">
      <Filter>src\Data\Door</Filter>
    </ClCompile>
    <ClCompile Include="..\Classes\Monster.cpp">
      <Filter>src\Data\Monster</Filter>
    </ClCompile>
    <ClCompile Include="..\Classes\Lock.cpp">
      <Filter>src\Net</Filter>
    </ClCompile>
    <ClCompile Include="..\Classes\NetWorkManager.cpp">
      <Filter>src\Net</Filter>
    </ClCompile>
    <ClCompile Include="..\Classes\TCPClient.cpp">
      <Filter>src\Net</Filter>
    </ClCompile>
    <ClCompile Include="..\Classes\AppDelegate.cpp">
      <Filter>src\Delegate</Filter>
    </ClCompile>
    <ClCompile Include="..\Classes\jsonCpp\json_reader.cpp">
      <Filter>src\Json</Filter>
    </ClCompile>
    <ClCompile Include="..\Classes\jsonCpp\json_value.cpp">
      <Filter>src\Json</Filter>
    </ClCompile>
    <ClCompile Include="..\Classes\jsonCpp\json_writer.cpp">
      <Filter>src\Json</Filter>
    </ClCompile>
    <ClCompile Include="..\Classes\MsgItem.cpp">
      <Filter>src\Logic\Talk</Filter>
    </ClCompile>
    <ClCompile Include="..\Classes\PlayerItem.cpp">
      <Filter>src\Logic\Player</Filter>
    </ClCompile>
    <ClCompile Include="..\Classes\TaskItem.cpp">
      <Filter>src\Logic\Task</Filter>
    </ClCompile>
    <ClCompile Include="..\Classes\TeamMsgItem.cpp">
      <Filter>src\Logic\Team</Filter>
    </ClCompile>
    <ClCompile Include="..\Classes\BeginScene.cpp">
      <Filter>src\Scene</Filter>
    </ClCompile>
    <ClCompile Include="..\Classes\EndScene.cpp">
      <Filter>src\Scene</Filter>
    </ClCompile>
    <ClCompile Include="..\Classes\ExcessiveScene.cpp">
      <Filter>src\Scene</Filter>
    </ClCompile>
    <ClCompile Include="..\Classes\GameScene.cpp">
      <Filter>src\Scene</Filter>
    </ClCompile>
    <ClCompile Include="..\Classes\Login.cpp">
      <Filter>src\Scene</Filter>
    </ClCompile>
    <ClCompile Include="..\Classes\NewGameScene.cpp">
      <Filter>src\Scene</Filter>
    </ClCompile>
    <ClCompile Include="..\Classes\SelectScene.cpp">
      <Filter>src\Scene</Filter>
    </ClCompile>
    <ClCompile Include="..\Classes\SignOn.cpp">
      <Filter>src\Scene</Filter>
    </ClCompile>
    <ClCompile Include="..\Classes\StartMenu.cpp">
      <Filter>src\Scene</Filter>
    </ClCompile>
    <ClCompile Include="..\Classes\MemberItem.cpp">
      <Filter>src\Logic\Team</Filter>
    </ClCompile>
    <ClCompile Include="..\Classes\PlayerRun.cpp">
      <Filter>src\State</Filter>
    </ClCompile>
    <ClCompile Include="..\Classes\PlayerState.cpp">
      <Filter>src\State</Filter>
    </ClCompile>
    <ClCompile Include="..\Classes\PlayerWait.cpp">
      <Filter>src\State</Filter>
    </ClCompile>
    <ClCompile Include="..\Classes\CrackIt.cpp">
      <Filter>src\Thing\Skill</Filter>
    </ClCompile>
    <ClCompile Include="..\Classes\Danate.cpp">
      <Filter>src\Thing\Skill</Filter>
    </ClCompile>
    <ClCompile Include="..\Classes\DragonRoar.cpp">
      <Filter>src\Thing\Skill</Filter>
    </ClCompile>
    <ClCompile Include="..\Classes\LightStrike.cpp">
      <Filter>src\Thing\Skill</Filter>
    </ClCompile>
    <ClCompile Include="..\Classes\Long.cpp">
      <Filter>src\Thing\Skill</Filter>
    </ClCompile>
    <ClCompile Include="..\Classes\RealSkill.cpp">
      <Filter>src\Thing\Skill</Filter>
    </ClCompile>
    <ClCompile Include="..\Classes\RecallCountermand.cpp">
      <Filter>src\Thing\Skill</Filter>
    </ClCompile>
    <ClCompile Include="..\Classes\SealOfTheBlade.cpp">
      <Filter>src\Thing\Skill</Filter>
    </ClCompile>
    <ClCompile Include="..\Classes\Skill.cpp">
      <Filter>src\Thing\Skill</Filter>
    </ClCompile>
    <ClCompile Include="..\Classes\XBArrow.cpp">
      <Filter>src\Thing\Skill</Filter>
    </ClCompile>
    <ClCompile Include="..\Classes\Thing.cpp">
      <Filter>src\Thing</Filter>
    </ClCompile>
    <ClCompile Include="..\Classes\AudioSystem.cpp">
      <Filter>src\Tool\Audio</Filter>
    </ClCompile>
    <ClCompile Include="..\Classes\EquipmentManager.cpp">
      <Filter>src\Tool\Equipment</Filter>
    </ClCompile>
    <ClCompile Include="..\Classes\ReflectNpc.cpp">
      <Filter>src\Tool\Npc</Filter>
    </ClCompile>
    <ClCompile Include="..\Classes\SkillFactory.cpp">
      <Filter>src\Tool\Skill</Filter>
    </ClCompile>
    <ClCompile Include="..\Classes\TeamManager.cpp">
      <Filter>src\Logic\Team</Filter>
    </ClCompile>
    <ClCompile Include="..\Classes\TaskSystem.cpp">
      <Filter>src\Logic\Task</Filter>
    </ClCompile>
    <ClCompile Include="..\Classes\MapInfo.cpp">
      <Filter>src\Logic\Map</Filter>
    </ClCompile>
    <ClCompile Include="..\Classes\FindRoad.cpp">
      <Filter>src\Logic\Map</Filter>
    </ClCompile>
    <ClCompile Include="..\Classes\BackPackManager.cpp">
      <Filter>src\Logic\BackPack</Filter>
    </ClCompile>
    <ClCompile Include="..\Classes\SkillManager.cpp">
      <Filter>src\Logic\Skill</Filter>
    </ClCompile>
    <ClCompile Include="..\Classes\SocketManager.cpp">
      <Filter>src\Net</Filter>
    </ClCompile>
    <ClCompile Include="..\Classes\PlayerManager.cpp">
      <Filter>src\Logic\Player</Filter>
    </ClCompile>
    <ClCompile Include="..\Classes\TalkManager.cpp">
      <Filter>src\Logic\Talk</Filter>
    </ClCompile>
    <ClCompile Include="..\Classes\FightManager.cpp">
      <Filter>src\Logic\Fight</Filter>
    </ClCompile>
    <ClCompile Include="..\Classes\LogUtil.cpp">
      <Filter>src\Tool\Utils</Filter>
    </ClCompile>
    <ClCompile Include="..\Classes\CommonTouchLayer.cpp">
      <Filter>src\Logic\Common</Filter>
    </ClCompile>
    <ClCompile Include="..\Classes\FriendLayer.cpp">
      <Filter>src\Logic\Friend</Filter>
    </ClCompile>
    <ClCompile Include="..\Classes\FriendManager.cpp">
      <Filter>src\Logic\Friend</Filter>
    </ClCompile>
    <ClCompile Include="..\Classes\CSBaseView.cpp">
      <Filter>src\Logic\Common</Filter>
    </ClCompile>
    <ClCompile Include="..\Classes\SynsTask.cpp">
      <Filter>src\Tool\Utils</Filter>
    </ClCompile>
    <ClCompile Include="..\Classes\FriendItem.cpp">
      <Filter>src\Logic\Friend</Filter>
    </ClCompile>
    <ClCompile Include="..\Classes\CommonHead.cpp">
      <Filter>src\Logic\Common</Filter>
    </ClCompile>
    <ClCompile Include="..\Classes\TalismanLayer.cpp">
      <Filter>src\Logic\Talisman</Filter>
    </ClCompile>
    <ClCompile Include="..\Classes\TalismanManager.cpp">
      <Filter>src\Logic\Talisman</Filter>
    </ClCompile>
    <ClCompile Include="..\Classes\GameData.cpp">
      <Filter>src\Tool\GameData</Filter>
    </ClCompile>
    <ClCompile Include="..\Classes\GameDynamicData.cpp">
      <Filter>src\Tool\GameData</Filter>
    </ClCompile>
    <ClCompile Include="..\Classes\Signal.cpp">
      <Filter>src\Tool\Event</Filter>
    </ClCompile>
    <ClCompile Include="..\Classes\SignalManager.cpp">
      <Filter>src\Tool\Event</Filter>
    </ClCompile>
    <ClCompile Include="..\Classes\Event.cpp">
      <Filter>src\Tool\Event</Filter>
    </ClCompile>
    <ClCompile Include="..\Classes\Path.cpp">
      <Filter>src\Tool\GameData</Filter>
    </ClCompile>
    <ClCompile Include="..\Classes\CommonButton.cpp">
      <Filter>src\Logic\Common</Filter>
    </ClCompile>
    <ClCompile Include="..\Classes\CommonItem.cpp">
      <Filter>src\Logic\Common</Filter>
    </ClCompile>
    <ClCompile Include="..\Classes\TalismanIcon.cpp">
      <Filter>src\Thing\Talisman</Filter>
    </ClCompile>
    <ClCompile Include="..\Classes\TalismanFragment.cpp">
      <Filter>src\Thing\Talisman</Filter>
    </ClCompile>
    <ClCompile Include="..\Classes\TalismanAvatar.cpp">
      <Filter>src\Thing\Talisman</Filter>
    </ClCompile>
    <ClCompile Include="..\Classes\ConfigUtils.cpp">
      <Filter>src\Tool\Utils</Filter>
    </ClCompile>
    <ClCompile Include="..\Classes\ObjectLayer.cpp">
      <Filter>src\Logic\Main</Filter>
    </ClCompile>
    <ClCompile Include="..\Classes\SelectLayer.cpp">
      <Filter>src\Logic\Menu</Filter>
    </ClCompile>
    <ClCompile Include="..\Classes\MsgListLayer.cpp">
      <Filter>src\Logic\Main</Filter>
    </ClCompile>
    <ClCompile Include="..\Classes\HurtValueLayer.cpp">
      <Filter>src\Logic\Fight</Filter>
    </ClCompile>
    <ClCompile Include="..\Classes\CommonProcessBar.cpp">
      <Filter>src\Logic\Common</Filter>
    </ClCompile>
  </ItemGroup>
  <ItemGroup>
    <ClInclude Include="main.h">
      <Filter>win32</Filter>
    </ClInclude>
    <ClInclude Include="..\Classes\EquipMent.h">
      <Filter>src\Thing\Equipment</Filter>
    </ClInclude>
    <ClInclude Include="..\Classes\Medication.h">
      <Filter>src\Thing\Medication</Filter>
    </ClInclude>
    <ClInclude Include="..\Classes\BackPackLayer.h">
      <Filter>src\Logic\BackPack</Filter>
    </ClInclude>
    <ClInclude Include="..\Classes\DealLayer.h">
      <Filter>src\Logic\Deal</Filter>
    </ClInclude>
    <ClInclude Include="..\Classes\DetailLayer.h">
      <Filter>src\Logic\Detail</Filter>
    </ClInclude>
    <ClInclude Include="..\Classes\BeginLayer.h">
      <Filter>src\Logic\Main</Filter>
    </ClInclude>
    <ClInclude Include="..\Classes\FightLayer.h">
      <Filter>src\Logic\Fight</Filter>
    </ClInclude>
    <ClInclude Include="..\Classes\GameLogicLayer.h">
      <Filter>src\Logic\Main</Filter>
    </ClInclude>
    <ClInclude Include="..\Classes\GameUILayer.h">
      <Filter>src\Logic\Main</Filter>
    </ClInclude>
    <ClInclude Include="..\Classes\GameMenuLayer.h">
      <Filter>src\Logic\Menu</Filter>
    </ClInclude>
    <ClInclude Include="..\Classes\LoadingLayer.h">
      <Filter>src\Logic\Common</Filter>
    </ClInclude>
    <ClInclude Include="..\Classes\LoginLayer.h">
      <Filter>src\Logic\LoginAndSigOn</Filter>
    </ClInclude>
    <ClInclude Include="..\Classes\NewGameLayer.h">
      <Filter>src\Logic\NewGame</Filter>
    </ClInclude>
    <ClInclude Include="..\Classes\PickupTaskLayer.h">
      <Filter>src\Logic\Task</Filter>
    </ClInclude>
    <ClInclude Include="..\Classes\SigOnLayer.h">
      <Filter>src\Logic\LoginAndSigOn</Filter>
    </ClInclude>
    <ClInclude Include="..\Classes\PlayerListLayer.h">
      <Filter>src\Logic\Player</Filter>
    </ClInclude>
    <ClInclude Include="..\Classes\PrivateTalkLayer.h">
      <Filter>src\Logic\Talk</Filter>
    </ClInclude>
    <ClInclude Include="..\Classes\RoleInfoLayer.h">
      <Filter>src\Logic\RoleInfo</Filter>
    </ClInclude>
    <ClInclude Include="..\Classes\SkillLayer.h">
      <Filter>src\Logic\Skill</Filter>
    </ClInclude>
    <ClInclude Include="..\Classes\TalkLayer.h">
      <Filter>src\Logic\Talk</Filter>
    </ClInclude>
    <ClInclude Include="..\Classes\TaskLayer.h">
      <Filter>src\Logic\Task</Filter>
    </ClInclude>
    <ClInclude Include="..\Classes\GameMapLayer.h">
      <Filter>src\Logic\Map</Filter>
    </ClInclude>
    <ClInclude Include="..\Classes\WorldMapLayer.h">
      <Filter>src\Logic\Map</Filter>
    </ClInclude>
    <ClInclude Include="..\Classes\TipLayer.h">
      <Filter>src\Logic\Common</Filter>
    </ClInclude>
    <ClInclude Include="..\Classes\TeamLayer.h">
      <Filter>src\Logic\Team</Filter>
    </ClInclude>
    <ClInclude Include="..\Classes\CameraPlayer.h">
      <Filter>src\Data\Player</Filter>
    </ClInclude>
    <ClInclude Include="..\Classes\Player.h">
      <Filter>src\Data\Player</Filter>
    </ClInclude>
    <ClInclude Include="..\Classes\PlayerData.h">
      <Filter>src\Data\Player</Filter>
    </ClInclude>
    <ClInclude Include="..\Classes\Animal.h">
      <Filter>src\Data\Base</Filter>
    </ClInclude>
    <ClInclude Include="..\Classes\Npc.h">
      <Filter>src\Data\Base</Filter>
    </ClInclude>
    <ClInclude Include="..\Classes\NpcBlue.h">
      <Filter>src\Data\Npc</Filter>
    </ClInclude>
    <ClInclude Include="..\Classes\NpcEquip.h">
      <Filter>src\Data\Npc</Filter>
    </ClInclude>
    <ClInclude Include="..\Classes\NpcManmom.h">
      <Filter>src\Data\Npc</Filter>
    </ClInclude>
    <ClInclude Include="..\Classes\NpcMonk.h">
      <Filter>src\Data\Npc</Filter>
    </ClInclude>
    <ClInclude Include="..\Classes\NpcPink.h">
      <Filter>src\Data\Npc</Filter>
    </ClInclude>
    <ClInclude Include="..\Classes\NpcSkill.h">
      <Filter>src\Data\Npc</Filter>
    </ClInclude>
    <ClInclude Include="..\Classes\NpcVallige.h">
      <Filter>src\Data\Npc</Filter>
    </ClInclude>
    <ClInclude Include="..\Classes\Door.h">
      <Filter>src\Data\Door</Filter>
    </ClInclude>
    <ClInclude Include="..\Classes\Monster.h">
      <Filter>src\Data\Monster</Filter>
    </ClInclude>
    <ClInclude Include="..\Classes\MessageConst.h">
      <Filter>src\Net</Filter>
    </ClInclude>
    <ClInclude Include="..\Classes\Lock.h">
      <Filter>src\Net</Filter>
    </ClInclude>
    <ClInclude Include="..\Classes\NetWorkManager.h">
      <Filter>src\Net</Filter>
    </ClInclude>
    <ClInclude Include="..\Classes\public.h">
      <Filter>src\Net</Filter>
    </ClInclude>
    <ClInclude Include="..\Classes\ShareData.h">
      <Filter>src\Net</Filter>
    </ClInclude>
    <ClInclude Include="..\Classes\TCPClient.h">
      <Filter>src\Net</Filter>
    </ClInclude>
    <ClInclude Include="..\Classes\DBDao.h">
      <Filter>src\DBConnect</Filter>
    </ClInclude>
    <ClInclude Include="..\Classes\Model.h">
      <Filter>src\DBConnect</Filter>
    </ClInclude>
    <ClInclude Include="..\Classes\AppDelegate.h">
      <Filter>src\Delegate</Filter>
    </ClInclude>
    <ClInclude Include="..\Classes\jsonCpp\allocator.h">
      <Filter>src\Json</Filter>
    </ClInclude>
    <ClInclude Include="..\Classes\jsonCpp\assertions.h">
      <Filter>src\Json</Filter>
    </ClInclude>
    <ClInclude Include="..\Classes\jsonCpp\autolink.h">
      <Filter>src\Json</Filter>
    </ClInclude>
    <ClInclude Include="..\Classes\jsonCpp\config.h">
      <Filter>src\Json</Filter>
    </ClInclude>
    <ClInclude Include="..\Classes\jsonCpp\features.h">
      <Filter>src\Json</Filter>
    </ClInclude>
    <ClInclude Include="..\Classes\jsonCpp\forwards.h">
      <Filter>src\Json</Filter>
    </ClInclude>
    <ClInclude Include="..\Classes\jsonCpp\json.h">
      <Filter>src\Json</Filter>
    </ClInclude>
    <ClInclude Include="..\Classes\jsonCpp\json_tool.h">
      <Filter>src\Json</Filter>
    </ClInclude>
    <ClInclude Include="..\Classes\jsonCpp\reader.h">
      <Filter>src\Json</Filter>
    </ClInclude>
    <ClInclude Include="..\Classes\jsonCpp\value.h">
      <Filter>src\Json</Filter>
    </ClInclude>
    <ClInclude Include="..\Classes\jsonCpp\version.h">
      <Filter>src\Json</Filter>
    </ClInclude>
    <ClInclude Include="..\Classes\jsonCpp\writer.h">
      <Filter>src\Json</Filter>
    </ClInclude>
    <ClInclude Include="..\Classes\MsgItem.h">
      <Filter>src\Logic\Talk</Filter>
    </ClInclude>
    <ClInclude Include="..\Classes\PlayerItem.h">
      <Filter>src\Logic\Player</Filter>
    </ClInclude>
    <ClInclude Include="..\Classes\TaskItem.h">
      <Filter>src\Logic\Task</Filter>
    </ClInclude>
    <ClInclude Include="..\Classes\TeamMsgItem.h">
      <Filter>src\Logic\Team</Filter>
    </ClInclude>
    <ClInclude Include="..\Classes\StartMenu.h">
      <Filter>src\Scene</Filter>
    </ClInclude>
    <ClInclude Include="..\Classes\SignOn.h">
      <Filter>src\Scene</Filter>
    </ClInclude>
    <ClInclude Include="..\Classes\SelectScene.h">
      <Filter>src\Scene</Filter>
    </ClInclude>
    <ClInclude Include="..\Classes\NewGameScene.h">
      <Filter>src\Scene</Filter>
    </ClInclude>
    <ClInclude Include="..\Classes\Login.h">
      <Filter>src\Scene</Filter>
    </ClInclude>
    <ClInclude Include="..\Classes\GameScene.h">
      <Filter>src\Scene</Filter>
    </ClInclude>
    <ClInclude Include="..\Classes\ExcessiveScene.h">
      <Filter>src\Scene</Filter>
    </ClInclude>
    <ClInclude Include="..\Classes\EndScene.h">
      <Filter>src\Scene</Filter>
    </ClInclude>
    <ClInclude Include="..\Classes\BeginScene.h">
      <Filter>src\Scene</Filter>
    </ClInclude>
    <ClInclude Include="..\Classes\MemberItem.h">
      <Filter>src\Logic\Team</Filter>
    </ClInclude>
    <ClInclude Include="..\Classes\PlayerRun.h">
      <Filter>src\State</Filter>
    </ClInclude>
    <ClInclude Include="..\Classes\PlayerState.h">
      <Filter>src\State</Filter>
    </ClInclude>
    <ClInclude Include="..\Classes\PlayerWait.h">
      <Filter>src\State</Filter>
    </ClInclude>
    <ClInclude Include="..\Classes\CrackIt.h">
      <Filter>src\Thing\Skill</Filter>
    </ClInclude>
    <ClInclude Include="..\Classes\Danate.h">
      <Filter>src\Thing\Skill</Filter>
    </ClInclude>
    <ClInclude Include="..\Classes\DragonRoar.h">
      <Filter>src\Thing\Skill</Filter>
    </ClInclude>
    <ClInclude Include="..\Classes\LightStrike.h">
      <Filter>src\Thing\Skill</Filter>
    </ClInclude>
    <ClInclude Include="..\Classes\Long.h">
      <Filter>src\Thing\Skill</Filter>
    </ClInclude>
    <ClInclude Include="..\Classes\RealSkill.h">
      <Filter>src\Thing\Skill</Filter>
    </ClInclude>
    <ClInclude Include="..\Classes\RecallCountermand.h">
      <Filter>src\Thing\Skill</Filter>
    </ClInclude>
    <ClInclude Include="..\Classes\SealOfTheBlade.h">
      <Filter>src\Thing\Skill</Filter>
    </ClInclude>
    <ClInclude Include="..\Classes\Skill.h">
      <Filter>src\Thing\Skill</Filter>
    </ClInclude>
    <ClInclude Include="..\Classes\XBArrow.h">
      <Filter>src\Thing\Skill</Filter>
    </ClInclude>
    <ClInclude Include="..\Classes\Thing.h">
      <Filter>src\Thing</Filter>
    </ClInclude>
    <ClInclude Include="..\Classes\AudioSystem.h">
      <Filter>src\Tool\Audio</Filter>
    </ClInclude>
    <ClInclude Include="..\Classes\cHas.h">
      <Filter>src\Tool\Utils</Filter>
    </ClInclude>
    <ClInclude Include="..\Classes\cHash_Map.h">
      <Filter>src\Tool\Utils</Filter>
    </ClInclude>
    <ClInclude Include="..\Classes\Commen.h">
      <Filter>src\Tool\Utils</Filter>
    </ClInclude>
    <ClInclude Include="..\Classes\EquipmentManager.h">
      <Filter>src\Tool\Equipment</Filter>
    </ClInclude>
    <ClInclude Include="..\Classes\PreProcess.h">
      <Filter>src\Tool\Utils</Filter>
    </ClInclude>
    <ClInclude Include="..\Classes\ReflectNpc.h">
      <Filter>src\Tool\Npc</Filter>
    </ClInclude>
    <ClInclude Include="..\Classes\SkillFactory.h">
      <Filter>src\Tool\Skill</Filter>
    </ClInclude>
    <ClInclude Include="..\Classes\TeamManager.h">
      <Filter>src\Logic\Team</Filter>
    </ClInclude>
    <ClInclude Include="..\Classes\TaskSystem.h">
      <Filter>src\Logic\Task</Filter>
    </ClInclude>
    <ClInclude Include="..\Classes\MapInfo.h">
      <Filter>src\Logic\Map</Filter>
    </ClInclude>
    <ClInclude Include="..\Classes\FindRoad.h">
      <Filter>src\Logic\Map</Filter>
    </ClInclude>
    <ClInclude Include="..\Classes\BackPackManager.h">
      <Filter>src\Logic\BackPack</Filter>
    </ClInclude>
    <ClInclude Include="..\Classes\SkillManager.h">
      <Filter>src\Logic\Skill</Filter>
    </ClInclude>
    <ClInclude Include="..\Classes\PlayerManager.h">
      <Filter>src\Logic\Player</Filter>
    </ClInclude>
    <ClInclude Include="..\Classes\SocketManager.h">
      <Filter>src\Net</Filter>
    </ClInclude>
    <ClInclude Include="..\Classes\TalkManager.h">
      <Filter>src\Logic\Talk</Filter>
    </ClInclude>
    <ClInclude Include="..\Classes\FightManager.h">
      <Filter>src\Logic\Fight</Filter>
    </ClInclude>
    <ClInclude Include="..\Classes\LogUtil.h">
      <Filter>src\Tool\Utils</Filter>
    </ClInclude>
    <ClInclude Include="..\Classes\CommonTouchLayer.h">
      <Filter>src\Logic\Common</Filter>
    </ClInclude>
    <ClInclude Include="..\Classes\FriendLayer.h">
      <Filter>src\Logic\Friend</Filter>
    </ClInclude>
    <ClInclude Include="..\Classes\FriendManager.h">
      <Filter>src\Logic\Friend</Filter>
    </ClInclude>
    <ClInclude Include="..\Classes\CSBaseView.h">
      <Filter>src\Logic\Common</Filter>
    </ClInclude>
    <ClInclude Include="..\Classes\SynsTask.h">
      <Filter>src\Tool\Utils</Filter>
    </ClInclude>
    <ClInclude Include="..\Classes\FriendItem.h">
      <Filter>src\Logic\Friend</Filter>
    </ClInclude>
    <ClInclude Include="..\Classes\CommonHead.h">
      <Filter>src\Logic\Common</Filter>
    </ClInclude>
    <ClInclude Include="..\Classes\TalismanLayer.h">
      <Filter>src\Logic\Talisman</Filter>
    </ClInclude>
    <ClInclude Include="..\Classes\TalismanManager.h">
      <Filter>src\Logic\Talisman</Filter>
    </ClInclude>
    <ClInclude Include="..\Classes\GameData.h">
      <Filter>src\Tool\GameData</Filter>
    </ClInclude>
    <ClInclude Include="..\Classes\GameDynamicData.h">
      <Filter>src\Tool\GameData</Filter>
    </ClInclude>
    <ClInclude Include="..\Classes\Signal.h">
      <Filter>src\Tool\Event</Filter>
    </ClInclude>
    <ClInclude Include="..\Classes\SignalConst.h">
      <Filter>src\Tool\Event</Filter>
    </ClInclude>
    <ClInclude Include="..\Classes\SignalManager.h">
      <Filter>src\Tool\Event</Filter>
    </ClInclude>
    <ClInclude Include="..\Classes\Event.h">
      <Filter>src\Tool\Event</Filter>
    </ClInclude>
    <ClInclude Include="..\Classes\SlotListener.h">
      <Filter>src\Tool\Event</Filter>
    </ClInclude>
    <ClInclude Include="..\Classes\Path.h">
      <Filter>src\Tool\GameData</Filter>
    </ClInclude>
    <ClInclude Include="..\Classes\CommonButton.h">
      <Filter>src\Logic\Common</Filter>
    </ClInclude>
    <ClInclude Include="..\Classes\Colors.h">
      <Filter>src\Tool\Utils</Filter>
    </ClInclude>
    <ClInclude Include="..\Classes\CommonItem.h">
      <Filter>src\Logic\Common</Filter>
    </ClInclude>
    <ClInclude Include="..\Classes\TalismanIcon.h">
      <Filter>src\Thing\Talisman</Filter>
    </ClInclude>
    <ClInclude Include="..\Classes\TalismanFragment.h">
      <Filter>src\Thing\Talisman</Filter>
    </ClInclude>
    <ClInclude Include="..\Classes\TalismanAvatar.h">
      <Filter>src\Thing\Talisman</Filter>
    </ClInclude>
    <ClInclude Include="..\Classes\ConfigUtils.h">
      <Filter>src\Tool\Utils</Filter>
    </ClInclude>
    <ClInclude Include="..\Classes\ObjectLayer.h">
      <Filter>src\Logic\Main</Filter>
    </ClInclude>
    <ClInclude Include="..\Classes\SelectLayer.h">
      <Filter>src\Logic\Menu</Filter>
    </ClInclude>
    <ClInclude Include="..\Classes\MsgListLayer.h">
      <Filter>src\Logic\Main</Filter>
    </ClInclude>
    <ClInclude Include="..\Classes\HurtValueLayer.h">
      <Filter>src\Logic\Fight</Filter>
    </ClInclude>
    <ClInclude Include="..\Classes\CommonProcessBar.h">
      <Filter>src\Logic\Common</Filter>
    </ClInclude>
  </ItemGroup>
  <ItemGroup>
    <ResourceCompile Include="game.rc">
      <Filter>resource</Filter>
    </ResourceCompile>
  </ItemGroup>
  <ItemGroup>
    <Xml Include="..\Resources\GameData.xml">
      <Filter>resource</Filter>
    </Xml>
  </ItemGroup>
  <ItemGroup>
    <Image Include="res\game.ico" />
  </ItemGroup>
  <ItemGroup>
    <None Include="..\Classes\jsonCpp\version.h.in">
      <Filter>src\Json</Filter>
    </None>
    <None Include="..\Classes\jsonCpp\json_valueiterator.inl">
      <Filter>src\Json</Filter>
    </None>
  </ItemGroup>
</Project>